<?xml version="1.0" encoding="utf-8"?>
<Project ToolsVersion="4.0" xmlns="http://schemas.microsoft.com/developer/msbuild/2003">
  <ItemGroup>
    <Filter Include="main">
      <UniqueIdentifier>{208e4a75-29e4-4f21-948e-2d5321cf0c56}</UniqueIdentifier>
    </Filter>
    <Filter Include="func">
      <UniqueIdentifier>{784708fd-c471-4426-a6fe-bf1c3cf15729}</UniqueIdentifier>
    </Filter>
  </ItemGroup>
  <ItemGroup>
    <ClCompile Include="main.cpp">
      <Filter>main</Filter>
    </ClCompile>
    <ClCompile Include="func.cpp">
      <Filter>func</Filter>
    </ClCompile>
  </ItemGroup>
  <ItemGroup>
    <ClInclude Include="func.h">
      <Filter>func</Filter>
    </ClInclude>
  </ItemGroup>
</Project>